
Microsoft Visual Studio Solution File, Format Version 12.00
# Visual Studio Version 16
VisualStudioVersion = 16.0.28803.156
MinimumVisualStudioVersion = 10.0.40219.1
Project("{FAE04EC0-301F-11D3-BF4B-00C04F79EFBC}") = "CoordSpec", "CoordSpec\CoordSpec.csproj", "{089A56CD-997A-451E-A67A-4005FEBCAEFA}"
	ProjectSection(ProjectDependencies) = postProject
		{E2CA3FAC-92D4-4FEA-A1AF-A2F04FCBDDBA} = {E2CA3FAC-92D4-4FEA-A1AF-A2F04FCBDDBA}
	EndProjectSection
EndProject
Project("{FAE04EC0-301F-11D3-BF4B-00C04F79EFBC}") = "CoordLib", "CoordLib\CoordLib.csproj", "{E2CA3FAC-92D4-4FEA-A1AF-A2F04FCBDDBA}"
EndProject
Project("{FAE04EC0-301F-11D3-BF4B-00C04F79EFBC}") = "CoordAnimation", "CoordAnimation\CoordAnimation.csproj", "{4571EF64-E456-49A9-82D5-F821FC225D25}"
	ProjectSection(ProjectDependencies) = postProject
		{E2CA3FAC-92D4-4FEA-A1AF-A2F04FCBDDBA} = {E2CA3FAC-92D4-4FEA-A1AF-A2F04FCBDDBA}
		{089A56CD-997A-451E-A67A-4005FEBCAEFA} = {089A56CD-997A-451E-A67A-4005FEBCAEFA}
	EndProjectSection
EndProject
Project("{F2A71F9B-5D33-465A-A702-920D77279786}") = "CoordF", "CoordF\CoordF.fsproj", "{AE79BD68-8F3A-419C-966E-CD26FCB34A30}"
EndProject
Global
	GlobalSection(SolutionConfigurationPlatforms) = preSolution
		Debug|Any CPU = Debug|Any CPU
		Release|Any CPU = Release|Any CPU
	EndGlobalSection
	GlobalSection(ProjectConfigurationPlatforms) = postSolution
		{089A56CD-997A-451E-A67A-4005FEBCAEFA}.Debug|Any CPU.ActiveCfg = Debug|Any CPU
		{089A56CD-997A-451E-A67A-4005FEBCAEFA}.Debug|Any CPU.Build.0 = Debug|Any CPU
		{089A56CD-997A-451E-A67A-4005FEBCAEFA}.Release|Any CPU.ActiveCfg = Release|Any CPU
		{089A56CD-997A-451E-A67A-4005FEBCAEFA}.Release|Any CPU.Build.0 = Release|Any CPU
		{E2CA3FAC-92D4-4FEA-A1AF-A2F04FCBDDBA}.Debug|Any CPU.ActiveCfg = Debug|Any CPU
		{E2CA3FAC-92D4-4FEA-A1AF-A2F04FCBDDBA}.Debug|Any CPU.Build.0 = Debug|Any CPU
		{E2CA3FAC-92D4-4FEA-A1AF-A2F04FCBDDBA}.Release|Any CPU.ActiveCfg = Release|Any CPU
		{E2CA3FAC-92D4-4FEA-A1AF-A2F04FCBDDBA}.Release|Any CPU.Build.0 = Release|Any CPU
		{4571EF64-E456-49A9-82D5-F821FC225D25}.Debug|Any CPU.ActiveCfg = Debug|Any CPU
		{4571EF64-E456-49A9-82D5-F821FC225D25}.Debug|Any CPU.Build.0 = Debug|Any CPU
		{4571EF64-E456-49A9-82D5-F821FC225D25}.Release|Any CPU.ActiveCfg = Release|Any CPU
		{4571EF64-E456-49A9-82D5-F821FC225D25}.Release|Any CPU.Build.0 = Release|Any CPU
		{AE79BD68-8F3A-419C-966E-CD26FCB34A30}.Debug|Any CPU.ActiveCfg = Debug|Any CPU
		{AE79BD68-8F3A-419C-966E-CD26FCB34A30}.Debug|Any CPU.Build.0 = Debug|Any CPU
		{AE79BD68-8F3A-419C-966E-CD26FCB34A30}.Release|Any CPU.ActiveCfg = Release|Any CPU
		{AE79BD68-8F3A-419C-966E-CD26FCB34A30}.Release|Any CPU.Build.0 = Release|Any CPU
	EndGlobalSection
	GlobalSection(SolutionProperties) = preSolution
		HideSolutionNode = FALSE
	EndGlobalSection
	GlobalSection(ExtensibilityGlobals) = postSolution
		SolutionGuid = {0FAE1BDC-28EF-46A1-AEEC-F2066AF2CCE0}
	EndGlobalSection
EndGlobal
